
Microsoft Visual Studio Solution File, Format Version 12.00
# Visual Studio 15
VisualStudioVersion = 15.0.28307.271
MinimumVisualStudioVersion = 10.0.40219.1
Project("{FAE04EC0-301F-11D3-BF4B-00C04F79EFBC}") = "ProductAPI", "ProductAPI\ProductAPI.csproj", "{52941429-BC7F-4DDE-B84B-284352607CB0}"
EndProject
Global
	GlobalSection(SolutionConfigurationPlatforms) = preSolution
		Debug|Any CPU = Debug|Any CPU
		Release|Any CPU = Release|Any CPU
	EndGlobalSection
	GlobalSection(ProjectConfigurationPlatforms) = postSolution
		{52941429-BC7F-4DDE-B84B-284352607CB0}.Debug|Any CPU.ActiveCfg = Debug|Any CPU
		{52941429-BC7F-4DDE-B84B-284352607CB0}.Debug|Any CPU.Build.0 = Debug|Any CPU
		{52941429-BC7F-4DDE-B84B-284352607CB0}.Release|Any CPU.ActiveCfg = Release|Any CPU
		{52941429-BC7F-4DDE-B84B-284352607CB0}.Release|Any CPU.Build.0 = Release|Any CPU
	EndGlobalSection
	GlobalSection(SolutionProperties) = preSolution
		HideSolutionNode = FALSE
	EndGlobalSection
	GlobalSection(ExtensibilityGlobals) = postSolution
		SolutionGuid = {430C3A37-FA1F-4A81-A746-D1EC570E5C4B}
	EndGlobalSection
EndGlobal
